
Microsoft Visual Studio Solution File, Format Version 12.00
# Visual Studio Version 17
VisualStudioVersion = 17.5.2.0
MinimumVisualStudioVersion = 10.0.40219.1
Project("{FAE04EC0-301F-11D3-BF4B-00C04F79EFBC}") = "Metrics", "Metrics\Metrics.csproj", "{405B8203-85B5-A14A-5551-86A1A2ADABF7}"
EndProject
Project("{FAE04EC0-301F-11D3-BF4B-00C04F79EFBC}") = "Metrics.MCP.StreamableHTTP", "mcp\dotnet\Metrics.MCP.StreamableHTTP\Metrics.MCP.StreamableHTTP.csproj", "{F51F542B-594B-4AF9-B436-D59304BB2198}"
EndProject
Project("{2150E333-8FDC-42A3-9474-1A3956D46DE8}") = "tests", "tests", "{0AB3BF05-4346-4AA6-1389-037BE0695223}"
EndProject
Project("{FAE04EC0-301F-11D3-BF4B-00C04F79EFBC}") = "Metrics.Extensions.ADO.Tests", "tests\Metrics.Extensions.ADO.Tests\Metrics.Extensions.ADO.Tests.csproj", "{71CCE997-48E8-4F10-B896-7CC98FB0E9FE}"
EndProject
Project("{FAE04EC0-301F-11D3-BF4B-00C04F79EFBC}") = "Metrics.Tests", "tests\Metrics.Tests\Metrics.Tests.csproj", "{FE435FC5-4B85-4BEB-BD36-C8AFDB55AD8A}"
EndProject
Project("{FAE04EC0-301F-11D3-BF4B-00C04F79EFBC}") = "Metrics.GitHub", "Metrics.GitHub\Metrics.GitHub.csproj", "{EDDD78E5-35E4-4A87-9618-DDD3BBBCB82C}"
EndProject
Project("{2150E333-8FDC-42A3-9474-1A3956D46DE8}") = "Migrations", "Migrations", "{D4C4D1C2-DE9C-AF20-17FD-0A3EB2BFD436}"
EndProject
Project("{FAE04EC0-301F-11D3-BF4B-00C04F79EFBC}") = "Metrics.Models", "Metrics.Models\Metrics.Models.csproj", "{27A350B1-4B8F-46FF-B2FA-895298D07CFD}"
EndProject
Project("{FAE04EC0-301F-11D3-BF4B-00C04F79EFBC}") = "Metrics.ADO.Migrations.Postgres", "Migrations\Metrics.ADO.Migrations.Postgres\Metrics.ADO.Migrations.Postgres.csproj", "{7DC81366-7BD6-4B60-89EC-AA29358AF3BA}"
EndProject
Project("{FAE04EC0-301F-11D3-BF4B-00C04F79EFBC}") = "Metrics.ADO.Migrations.Sqlite", "Migrations\Metrics.ADO.Migrations.Sqlite\Metrics.ADO.Migrations.Sqlite.csproj", "{07C4ADEA-EAB4-49A7-8717-230D1CC123A1}"
EndProject
Project("{FAE04EC0-301F-11D3-BF4B-00C04F79EFBC}") = "Metrics.GitHub.Migrations.Postgres", "Migrations\Metrics.GitHub.Migrations.Postgres\Metrics.GitHub.Migrations.Postgres.csproj", "{EA0ADE8C-7C65-4DCE-B452-AA13BACC431B}"
EndProject
Project("{FAE04EC0-301F-11D3-BF4B-00C04F79EFBC}") = "Metrics.GitHub.Migrations.Sqlite", "Migrations\Metrics.GitHub.Migrations.Sqlite\Metrics.GitHub.Migrations.Sqlite.csproj", "{46155A67-C773-4625-BA87-D18F55B50B3C}"
EndProject
Project("{FAE04EC0-301F-11D3-BF4B-00C04F79EFBC}") = "Metrics.ADO", "Metrics.ADO\Metrics.ADO.csproj", "{0930A9B6-A2BA-4F1A-89DC-532E3DC0D61B}"
EndProject
Global
	GlobalSection(SolutionConfigurationPlatforms) = preSolution
		Debug|Any CPU = Debug|Any CPU
		Debug|x64 = Debug|x64
		Debug|x86 = Debug|x86
		Release|Any CPU = Release|Any CPU
		Release|x64 = Release|x64
		Release|x86 = Release|x86
	EndGlobalSection
	GlobalSection(ProjectConfigurationPlatforms) = postSolution
		{405B8203-85B5-A14A-5551-86A1A2ADABF7}.Debug|Any CPU.ActiveCfg = Debug|Any CPU
		{405B8203-85B5-A14A-5551-86A1A2ADABF7}.Debug|Any CPU.Build.0 = Debug|Any CPU
		{405B8203-85B5-A14A-5551-86A1A2ADABF7}.Debug|x64.ActiveCfg = Debug|Any CPU
		{405B8203-85B5-A14A-5551-86A1A2ADABF7}.Debug|x64.Build.0 = Debug|Any CPU
		{405B8203-85B5-A14A-5551-86A1A2ADABF7}.Debug|x86.ActiveCfg = Debug|Any CPU
		{405B8203-85B5-A14A-5551-86A1A2ADABF7}.Debug|x86.Build.0 = Debug|Any CPU
		{405B8203-85B5-A14A-5551-86A1A2ADABF7}.Release|Any CPU.ActiveCfg = Release|Any CPU
		{405B8203-85B5-A14A-5551-86A1A2ADABF7}.Release|Any CPU.Build.0 = Release|Any CPU
		{405B8203-85B5-A14A-5551-86A1A2ADABF7}.Release|x64.ActiveCfg = Release|Any CPU
		{405B8203-85B5-A14A-5551-86A1A2ADABF7}.Release|x64.Build.0 = Release|Any CPU
		{405B8203-85B5-A14A-5551-86A1A2ADABF7}.Release|x86.ActiveCfg = Release|Any CPU
		{405B8203-85B5-A14A-5551-86A1A2ADABF7}.Release|x86.Build.0 = Release|Any CPU
		{F51F542B-594B-4AF9-B436-D59304BB2198}.Debug|Any CPU.ActiveCfg = Debug|Any CPU
		{F51F542B-594B-4AF9-B436-D59304BB2198}.Debug|Any CPU.Build.0 = Debug|Any CPU
		{F51F542B-594B-4AF9-B436-D59304BB2198}.Debug|x64.ActiveCfg = Debug|Any CPU
		{F51F542B-594B-4AF9-B436-D59304BB2198}.Debug|x64.Build.0 = Debug|Any CPU
		{F51F542B-594B-4AF9-B436-D59304BB2198}.Debug|x86.ActiveCfg = Debug|Any CPU
		{F51F542B-594B-4AF9-B436-D59304BB2198}.Debug|x86.Build.0 = Debug|Any CPU
		{F51F542B-594B-4AF9-B436-D59304BB2198}.Release|Any CPU.ActiveCfg = Release|Any CPU
		{F51F542B-594B-4AF9-B436-D59304BB2198}.Release|Any CPU.Build.0 = Release|Any CPU
		{F51F542B-594B-4AF9-B436-D59304BB2198}.Release|x64.ActiveCfg = Release|Any CPU
		{F51F542B-594B-4AF9-B436-D59304BB2198}.Release|x64.Build.0 = Release|Any CPU
		{F51F542B-594B-4AF9-B436-D59304BB2198}.Release|x86.ActiveCfg = Release|Any CPU
		{F51F542B-594B-4AF9-B436-D59304BB2198}.Release|x86.Build.0 = Release|Any CPU
		{71CCE997-48E8-4F10-B896-7CC98FB0E9FE}.Debug|Any CPU.ActiveCfg = Debug|Any CPU
		{71CCE997-48E8-4F10-B896-7CC98FB0E9FE}.Debug|Any CPU.Build.0 = Debug|Any CPU
		{71CCE997-48E8-4F10-B896-7CC98FB0E9FE}.Debug|x64.ActiveCfg = Debug|Any CPU
		{71CCE997-48E8-4F10-B896-7CC98FB0E9FE}.Debug|x64.Build.0 = Debug|Any CPU
		{71CCE997-48E8-4F10-B896-7CC98FB0E9FE}.Debug|x86.ActiveCfg = Debug|Any CPU
		{71CCE997-48E8-4F10-B896-7CC98FB0E9FE}.Debug|x86.Build.0 = Debug|Any CPU
		{71CCE997-48E8-4F10-B896-7CC98FB0E9FE}.Release|Any CPU.ActiveCfg = Release|Any CPU
		{71CCE997-48E8-4F10-B896-7CC98FB0E9FE}.Release|Any CPU.Build.0 = Release|Any CPU
		{71CCE997-48E8-4F10-B896-7CC98FB0E9FE}.Release|x64.ActiveCfg = Release|Any CPU
		{71CCE997-48E8-4F10-B896-7CC98FB0E9FE}.Release|x64.Build.0 = Release|Any CPU
		{71CCE997-48E8-4F10-B896-7CC98FB0E9FE}.Release|x86.ActiveCfg = Release|Any CPU
		{71CCE997-48E8-4F10-B896-7CC98FB0E9FE}.Release|x86.Build.0 = Release|Any CPU
		{FE435FC5-4B85-4BEB-BD36-C8AFDB55AD8A}.Debug|Any CPU.ActiveCfg = Debug|Any CPU
		{FE435FC5-4B85-4BEB-BD36-C8AFDB55AD8A}.Debug|Any CPU.Build.0 = Debug|Any CPU
		{FE435FC5-4B85-4BEB-BD36-C8AFDB55AD8A}.Debug|x64.ActiveCfg = Debug|Any CPU
		{FE435FC5-4B85-4BEB-BD36-C8AFDB55AD8A}.Debug|x64.Build.0 = Debug|Any CPU
		{FE435FC5-4B85-4BEB-BD36-C8AFDB55AD8A}.Debug|x86.ActiveCfg = Debug|Any CPU
		{FE435FC5-4B85-4BEB-BD36-C8AFDB55AD8A}.Debug|x86.Build.0 = Debug|Any CPU
		{FE435FC5-4B85-4BEB-BD36-C8AFDB55AD8A}.Release|Any CPU.ActiveCfg = Release|Any CPU
		{FE435FC5-4B85-4BEB-BD36-C8AFDB55AD8A}.Release|Any CPU.Build.0 = Release|Any CPU
		{FE435FC5-4B85-4BEB-BD36-C8AFDB55AD8A}.Release|x64.ActiveCfg = Release|Any CPU
		{FE435FC5-4B85-4BEB-BD36-C8AFDB55AD8A}.Release|x64.Build.0 = Release|Any CPU
		{FE435FC5-4B85-4BEB-BD36-C8AFDB55AD8A}.Release|x86.ActiveCfg = Release|Any CPU
		{FE435FC5-4B85-4BEB-BD36-C8AFDB55AD8A}.Release|x86.Build.0 = Release|Any CPU
		{EDDD78E5-35E4-4A87-9618-DDD3BBBCB82C}.Debug|Any CPU.ActiveCfg = Debug|Any CPU
		{EDDD78E5-35E4-4A87-9618-DDD3BBBCB82C}.Debug|Any CPU.Build.0 = Debug|Any CPU
		{EDDD78E5-35E4-4A87-9618-DDD3BBBCB82C}.Debug|x64.ActiveCfg = Debug|Any CPU
		{EDDD78E5-35E4-4A87-9618-DDD3BBBCB82C}.Debug|x64.Build.0 = Debug|Any CPU
		{EDDD78E5-35E4-4A87-9618-DDD3BBBCB82C}.Debug|x86.ActiveCfg = Debug|Any CPU
		{EDDD78E5-35E4-4A87-9618-DDD3BBBCB82C}.Debug|x86.Build.0 = Debug|Any CPU
		{EDDD78E5-35E4-4A87-9618-DDD3BBBCB82C}.Release|Any CPU.ActiveCfg = Release|Any CPU
		{EDDD78E5-35E4-4A87-9618-DDD3BBBCB82C}.Release|Any CPU.Build.0 = Release|Any CPU
		{EDDD78E5-35E4-4A87-9618-DDD3BBBCB82C}.Release|x64.ActiveCfg = Release|Any CPU
		{EDDD78E5-35E4-4A87-9618-DDD3BBBCB82C}.Release|x64.Build.0 = Release|Any CPU
		{EDDD78E5-35E4-4A87-9618-DDD3BBBCB82C}.Release|x86.ActiveCfg = Release|Any CPU
		{EDDD78E5-35E4-4A87-9618-DDD3BBBCB82C}.Release|x86.Build.0 = Release|Any CPU
		{27A350B1-4B8F-46FF-B2FA-895298D07CFD}.Debug|Any CPU.ActiveCfg = Debug|Any CPU
		{27A350B1-4B8F-46FF-B2FA-895298D07CFD}.Debug|Any CPU.Build.0 = Debug|Any CPU
		{27A350B1-4B8F-46FF-B2FA-895298D07CFD}.Debug|x64.ActiveCfg = Debug|Any CPU
		{27A350B1-4B8F-46FF-B2FA-895298D07CFD}.Debug|x64.Build.0 = Debug|Any CPU
		{27A350B1-4B8F-46FF-B2FA-895298D07CFD}.Debug|x86.ActiveCfg = Debug|Any CPU
		{27A350B1-4B8F-46FF-B2FA-895298D07CFD}.Debug|x86.Build.0 = Debug|Any CPU
		{27A350B1-4B8F-46FF-B2FA-895298D07CFD}.Release|Any CPU.ActiveCfg = Release|Any CPU
		{27A350B1-4B8F-46FF-B2FA-895298D07CFD}.Release|Any CPU.Build.0 = Release|Any CPU
		{27A350B1-4B8F-46FF-B2FA-895298D07CFD}.Release|x64.ActiveCfg = Release|Any CPU
		{27A350B1-4B8F-46FF-B2FA-895298D07CFD}.Release|x64.Build.0 = Release|Any CPU
		{27A350B1-4B8F-46FF-B2FA-895298D07CFD}.Release|x86.ActiveCfg = Release|Any CPU
		{27A350B1-4B8F-46FF-B2FA-895298D07CFD}.Release|x86.Build.0 = Release|Any CPU
		{7DC81366-7BD6-4B60-89EC-AA29358AF3BA}.Debug|Any CPU.ActiveCfg = Debug|Any CPU
		{7DC81366-7BD6-4B60-89EC-AA29358AF3BA}.Debug|Any CPU.Build.0 = Debug|Any CPU
		{7DC81366-7BD6-4B60-89EC-AA29358AF3BA}.Debug|x64.ActiveCfg = Debug|Any CPU
		{7DC81366-7BD6-4B60-89EC-AA29358AF3BA}.Debug|x64.Build.0 = Debug|Any CPU
		{7DC81366-7BD6-4B60-89EC-AA29358AF3BA}.Debug|x86.ActiveCfg = Debug|Any CPU
		{7DC81366-7BD6-4B60-89EC-AA29358AF3BA}.Debug|x86.Build.0 = Debug|Any CPU
		{7DC81366-7BD6-4B60-89EC-AA29358AF3BA}.Release|Any CPU.ActiveCfg = Release|Any CPU
		{7DC81366-7BD6-4B60-89EC-AA29358AF3BA}.Release|Any CPU.Build.0 = Release|Any CPU
		{7DC81366-7BD6-4B60-89EC-AA29358AF3BA}.Release|x64.ActiveCfg = Release|Any CPU
		{7DC81366-7BD6-4B60-89EC-AA29358AF3BA}.Release|x64.Build.0 = Release|Any CPU
		{7DC81366-7BD6-4B60-89EC-AA29358AF3BA}.Release|x86.ActiveCfg = Release|Any CPU
		{7DC81366-7BD6-4B60-89EC-AA29358AF3BA}.Release|x86.Build.0 = Release|Any CPU
		{07C4ADEA-EAB4-49A7-8717-230D1CC123A1}.Debug|Any CPU.ActiveCfg = Debug|Any CPU
		{07C4ADEA-EAB4-49A7-8717-230D1CC123A1}.Debug|Any CPU.Build.0 = Debug|Any CPU
		{07C4ADEA-EAB4-49A7-8717-230D1CC123A1}.Debug|x64.ActiveCfg = Debug|Any CPU
		{07C4ADEA-EAB4-49A7-8717-230D1CC123A1}.Debug|x64.Build.0 = Debug|Any CPU
		{07C4ADEA-EAB4-49A7-8717-230D1CC123A1}.Debug|x86.ActiveCfg = Debug|Any CPU
		{07C4ADEA-EAB4-49A7-8717-230D1CC123A1}.Debug|x86.Build.0 = Debug|Any CPU
		{07C4ADEA-EAB4-49A7-8717-230D1CC123A1}.Release|Any CPU.ActiveCfg = Release|Any CPU
		{07C4ADEA-EAB4-49A7-8717-230D1CC123A1}.Release|Any CPU.Build.0 = Release|Any CPU
		{07C4ADEA-EAB4-49A7-8717-230D1CC123A1}.Release|x64.ActiveCfg = Release|Any CPU
		{07C4ADEA-EAB4-49A7-8717-230D1CC123A1}.Release|x64.Build.0 = Release|Any CPU
		{07C4ADEA-EAB4-49A7-8717-230D1CC123A1}.Release|x86.ActiveCfg = Release|Any CPU
		{07C4ADEA-EAB4-49A7-8717-230D1CC123A1}.Release|x86.Build.0 = Release|Any CPU
		{EA0ADE8C-7C65-4DCE-B452-AA13BACC431B}.Debug|Any CPU.ActiveCfg = Debug|Any CPU
		{EA0ADE8C-7C65-4DCE-B452-AA13BACC431B}.Debug|Any CPU.Build.0 = Debug|Any CPU
		{EA0ADE8C-7C65-4DCE-B452-AA13BACC431B}.Debug|x64.ActiveCfg = Debug|Any CPU
		{EA0ADE8C-7C65-4DCE-B452-AA13BACC431B}.Debug|x64.Build.0 = Debug|Any CPU
		{EA0ADE8C-7C65-4DCE-B452-AA13BACC431B}.Debug|x86.ActiveCfg = Debug|Any CPU
		{EA0ADE8C-7C65-4DCE-B452-AA13BACC431B}.Debug|x86.Build.0 = Debug|Any CPU
		{EA0ADE8C-7C65-4DCE-B452-AA13BACC431B}.Release|Any CPU.ActiveCfg = Release|Any CPU
		{EA0ADE8C-7C65-4DCE-B452-AA13BACC431B}.Release|Any CPU.Build.0 = Release|Any CPU
		{EA0ADE8C-7C65-4DCE-B452-AA13BACC431B}.Release|x64.ActiveCfg = Release|Any CPU
		{EA0ADE8C-7C65-4DCE-B452-AA13BACC431B}.Release|x64.Build.0 = Release|Any CPU
		{EA0ADE8C-7C65-4DCE-B452-AA13BACC431B}.Release|x86.ActiveCfg = Release|Any CPU
		{EA0ADE8C-7C65-4DCE-B452-AA13BACC431B}.Release|x86.Build.0 = Release|Any CPU
		{46155A67-C773-4625-BA87-D18F55B50B3C}.Debug|Any CPU.ActiveCfg = Debug|Any CPU
		{46155A67-C773-4625-BA87-D18F55B50B3C}.Debug|Any CPU.Build.0 = Debug|Any CPU
		{46155A67-C773-4625-BA87-D18F55B50B3C}.Debug|x64.ActiveCfg = Debug|Any CPU
		{46155A67-C773-4625-BA87-D18F55B50B3C}.Debug|x64.Build.0 = Debug|Any CPU
		{46155A67-C773-4625-BA87-D18F55B50B3C}.Debug|x86.ActiveCfg = Debug|Any CPU
		{46155A67-C773-4625-BA87-D18F55B50B3C}.Debug|x86.Build.0 = Debug|Any CPU
		{46155A67-C773-4625-BA87-D18F55B50B3C}.Release|Any CPU.ActiveCfg = Release|Any CPU
		{46155A67-C773-4625-BA87-D18F55B50B3C}.Release|Any CPU.Build.0 = Release|Any CPU
		{46155A67-C773-4625-BA87-D18F55B50B3C}.Release|x64.ActiveCfg = Release|Any CPU
		{46155A67-C773-4625-BA87-D18F55B50B3C}.Release|x64.Build.0 = Release|Any CPU
		{46155A67-C773-4625-BA87-D18F55B50B3C}.Release|x86.ActiveCfg = Release|Any CPU
		{46155A67-C773-4625-BA87-D18F55B50B3C}.Release|x86.Build.0 = Release|Any CPU
		{0930A9B6-A2BA-4F1A-89DC-532E3DC0D61B}.Debug|Any CPU.ActiveCfg = Debug|Any CPU
		{0930A9B6-A2BA-4F1A-89DC-532E3DC0D61B}.Debug|Any CPU.Build.0 = Debug|Any CPU
		{0930A9B6-A2BA-4F1A-89DC-532E3DC0D61B}.Debug|x64.ActiveCfg = Debug|Any CPU
		{0930A9B6-A2BA-4F1A-89DC-532E3DC0D61B}.Debug|x64.Build.0 = Debug|Any CPU
		{0930A9B6-A2BA-4F1A-89DC-532E3DC0D61B}.Debug|x86.ActiveCfg = Debug|Any CPU
		{0930A9B6-A2BA-4F1A-89DC-532E3DC0D61B}.Debug|x86.Build.0 = Debug|Any CPU
		{0930A9B6-A2BA-4F1A-89DC-532E3DC0D61B}.Release|Any CPU.ActiveCfg = Release|Any CPU
		{0930A9B6-A2BA-4F1A-89DC-532E3DC0D61B}.Release|Any CPU.Build.0 = Release|Any CPU
		{0930A9B6-A2BA-4F1A-89DC-532E3DC0D61B}.Release|x64.ActiveCfg = Release|Any CPU
		{0930A9B6-A2BA-4F1A-89DC-532E3DC0D61B}.Release|x64.Build.0 = Release|Any CPU
		{0930A9B6-A2BA-4F1A-89DC-532E3DC0D61B}.Release|x86.ActiveCfg = Release|Any CPU
		{0930A9B6-A2BA-4F1A-89DC-532E3DC0D61B}.Release|x86.Build.0 = Release|Any CPU
	EndGlobalSection
	GlobalSection(SolutionProperties) = preSolution
		HideSolutionNode = FALSE
	EndGlobalSection
	GlobalSection(NestedProjects) = preSolution
		{71CCE997-48E8-4F10-B896-7CC98FB0E9FE} = {0AB3BF05-4346-4AA6-1389-037BE0695223}
		{FE435FC5-4B85-4BEB-BD36-C8AFDB55AD8A} = {0AB3BF05-4346-4AA6-1389-037BE0695223}
		{7DC81366-7BD6-4B60-89EC-AA29358AF3BA} = {D4C4D1C2-DE9C-AF20-17FD-0A3EB2BFD436}
		{07C4ADEA-EAB4-49A7-8717-230D1CC123A1} = {D4C4D1C2-DE9C-AF20-17FD-0A3EB2BFD436}
		{EA0ADE8C-7C65-4DCE-B452-AA13BACC431B} = {D4C4D1C2-DE9C-AF20-17FD-0A3EB2BFD436}
		{46155A67-C773-4625-BA87-D18F55B50B3C} = {D4C4D1C2-DE9C-AF20-17FD-0A3EB2BFD436}
	EndGlobalSection
	GlobalSection(ExtensibilityGlobals) = postSolution
		SolutionGuid = {7ACF8710-A649-45F9-8886-9034E2D0A173}
	EndGlobalSection
EndGlobal
